
Microsoft Visual Studio Solution File, Format Version 12.00
# Visual Studio 2013
VisualStudioVersion = 12.0.21005.1
MinimumVisualStudioVersion = 10.0.40219.1
Project("{FAE04EC0-301F-11D3-BF4B-00C04F79EFBC}") = "App.Admin", "App.Admin\App.Admin.csproj", "{6F518F41-736C-401F-9CD2-0662162F3575}"
EndProject
Project("{FAE04EC0-301F-11D3-BF4B-00C04F79EFBC}") = "App.Models", "App.Models\App.Models.csproj", "{26EF2EC6-FFAB-42F5-890B-3AEAA43944E8}"
EndProject
Project("{FAE04EC0-301F-11D3-BF4B-00C04F79EFBC}") = "App.DAL", "App.DAL\App.DAL.csproj", "{64498F62-801E-45F4-9129-038D734E20E2}"
EndProject
Project("{FAE04EC0-301F-11D3-BF4B-00C04F79EFBC}") = "App.IDAL", "App.IDAL\App.IDAL.csproj", "{0C534C06-3CBC-4963-9C66-9A3D215AC755}"
EndProject
Project("{FAE04EC0-301F-11D3-BF4B-00C04F79EFBC}") = "App.BLL", "App.BLL\App.BLL.csproj", "{922D1BC4-E6F9-4ADC-81C4-B52A53014AA6}"
EndProject
Project("{FAE04EC0-301F-11D3-BF4B-00C04F79EFBC}") = "App.IBLL", "App.IBLL\App.IBLL.csproj", "{E24704A8-D686-4F70-B7ED-28DAB39D11B8}"
EndProject
Project("{FAE04EC0-301F-11D3-BF4B-00C04F79EFBC}") = "App.Common", "App.Common\App.Common.csproj", "{E67A5ADC-8E97-429C-9B29-6670BEE7A53E}"
EndProject
Project("{FAE04EC0-301F-11D3-BF4B-00C04F79EFBC}") = "App.Core", "App.Core\App.Core.csproj", "{8BF647E8-6E97-4122-BEF2-2551D4D949CC}"
EndProject
Project("{2150E333-8FDC-42A3-9474-1A3956D46DE8}") = "DAL", "DAL", "{1AA01B4E-43BA-43DD-96E4-6C26089AFBA3}"
EndProject
Project("{2150E333-8FDC-42A3-9474-1A3956D46DE8}") = "BLL", "BLL", "{A6EA0DC1-A4CA-4DF7-B0A5-85CBE3C776A3}"
EndProject
Project("{2150E333-8FDC-42A3-9474-1A3956D46DE8}") = "Model", "Model", "{E0A67360-0E8A-45C8-9561-15E8E08B77D4}"
EndProject
Project("{2150E333-8FDC-42A3-9474-1A3956D46DE8}") = "WebApp", "WebApp", "{DE33623B-3A5D-4D45-845F-1182C80BBCEB}"
EndProject
Project("{2150E333-8FDC-42A3-9474-1A3956D46DE8}") = "Common", "Common", "{3D42C9C1-331F-4AD7-A541-89A640C4A7D0}"
EndProject
Global
	GlobalSection(SolutionConfigurationPlatforms) = preSolution
		Debug|Any CPU = Debug|Any CPU
		Release|Any CPU = Release|Any CPU
	EndGlobalSection
	GlobalSection(ProjectConfigurationPlatforms) = postSolution
		{6F518F41-736C-401F-9CD2-0662162F3575}.Debug|Any CPU.ActiveCfg = Debug|Any CPU
		{6F518F41-736C-401F-9CD2-0662162F3575}.Debug|Any CPU.Build.0 = Debug|Any CPU
		{6F518F41-736C-401F-9CD2-0662162F3575}.Release|Any CPU.ActiveCfg = Release|Any CPU
		{6F518F41-736C-401F-9CD2-0662162F3575}.Release|Any CPU.Build.0 = Release|Any CPU
		{26EF2EC6-FFAB-42F5-890B-3AEAA43944E8}.Debug|Any CPU.ActiveCfg = Debug|Any CPU
		{26EF2EC6-FFAB-42F5-890B-3AEAA43944E8}.Debug|Any CPU.Build.0 = Debug|Any CPU
		{26EF2EC6-FFAB-42F5-890B-3AEAA43944E8}.Release|Any CPU.ActiveCfg = Release|Any CPU
		{26EF2EC6-FFAB-42F5-890B-3AEAA43944E8}.Release|Any CPU.Build.0 = Release|Any CPU
		{64498F62-801E-45F4-9129-038D734E20E2}.Debug|Any CPU.ActiveCfg = Debug|Any CPU
		{64498F62-801E-45F4-9129-038D734E20E2}.Debug|Any CPU.Build.0 = Debug|Any CPU
		{64498F62-801E-45F4-9129-038D734E20E2}.Release|Any CPU.ActiveCfg = Release|Any CPU
		{64498F62-801E-45F4-9129-038D734E20E2}.Release|Any CPU.Build.0 = Release|Any CPU
		{0C534C06-3CBC-4963-9C66-9A3D215AC755}.Debug|Any CPU.ActiveCfg = Debug|Any CPU
		{0C534C06-3CBC-4963-9C66-9A3D215AC755}.Debug|Any CPU.Build.0 = Debug|Any CPU
		{0C534C06-3CBC-4963-9C66-9A3D215AC755}.Release|Any CPU.ActiveCfg = Release|Any CPU
		{0C534C06-3CBC-4963-9C66-9A3D215AC755}.Release|Any CPU.Build.0 = Release|Any CPU
		{922D1BC4-E6F9-4ADC-81C4-B52A53014AA6}.Debug|Any CPU.ActiveCfg = Debug|Any CPU
		{922D1BC4-E6F9-4ADC-81C4-B52A53014AA6}.Debug|Any CPU.Build.0 = Debug|Any CPU
		{922D1BC4-E6F9-4ADC-81C4-B52A53014AA6}.Release|Any CPU.ActiveCfg = Release|Any CPU
		{922D1BC4-E6F9-4ADC-81C4-B52A53014AA6}.Release|Any CPU.Build.0 = Release|Any CPU
		{E24704A8-D686-4F70-B7ED-28DAB39D11B8}.Debug|Any CPU.ActiveCfg = Debug|Any CPU
		{E24704A8-D686-4F70-B7ED-28DAB39D11B8}.Debug|Any CPU.Build.0 = Debug|Any CPU
		{E24704A8-D686-4F70-B7ED-28DAB39D11B8}.Release|Any CPU.ActiveCfg = Release|Any CPU
		{E24704A8-D686-4F70-B7ED-28DAB39D11B8}.Release|Any CPU.Build.0 = Release|Any CPU
		{E67A5ADC-8E97-429C-9B29-6670BEE7A53E}.Debug|Any CPU.ActiveCfg = Debug|Any CPU
		{E67A5ADC-8E97-429C-9B29-6670BEE7A53E}.Debug|Any CPU.Build.0 = Debug|Any CPU
		{E67A5ADC-8E97-429C-9B29-6670BEE7A53E}.Release|Any CPU.ActiveCfg = Release|Any CPU
		{E67A5ADC-8E97-429C-9B29-6670BEE7A53E}.Release|Any CPU.Build.0 = Release|Any CPU
		{8BF647E8-6E97-4122-BEF2-2551D4D949CC}.Debug|Any CPU.ActiveCfg = Debug|Any CPU
		{8BF647E8-6E97-4122-BEF2-2551D4D949CC}.Debug|Any CPU.Build.0 = Debug|Any CPU
		{8BF647E8-6E97-4122-BEF2-2551D4D949CC}.Release|Any CPU.ActiveCfg = Release|Any CPU
		{8BF647E8-6E97-4122-BEF2-2551D4D949CC}.Release|Any CPU.Build.0 = Release|Any CPU
	EndGlobalSection
	GlobalSection(SolutionProperties) = preSolution
		HideSolutionNode = FALSE
	EndGlobalSection
	GlobalSection(NestedProjects) = preSolution
		{64498F62-801E-45F4-9129-038D734E20E2} = {1AA01B4E-43BA-43DD-96E4-6C26089AFBA3}
		{0C534C06-3CBC-4963-9C66-9A3D215AC755} = {1AA01B4E-43BA-43DD-96E4-6C26089AFBA3}
		{922D1BC4-E6F9-4ADC-81C4-B52A53014AA6} = {A6EA0DC1-A4CA-4DF7-B0A5-85CBE3C776A3}
		{E24704A8-D686-4F70-B7ED-28DAB39D11B8} = {A6EA0DC1-A4CA-4DF7-B0A5-85CBE3C776A3}
		{26EF2EC6-FFAB-42F5-890B-3AEAA43944E8} = {E0A67360-0E8A-45C8-9561-15E8E08B77D4}
		{6F518F41-736C-401F-9CD2-0662162F3575} = {DE33623B-3A5D-4D45-845F-1182C80BBCEB}
		{E67A5ADC-8E97-429C-9B29-6670BEE7A53E} = {3D42C9C1-331F-4AD7-A541-89A640C4A7D0}
		{8BF647E8-6E97-4122-BEF2-2551D4D949CC} = {3D42C9C1-331F-4AD7-A541-89A640C4A7D0}
	EndGlobalSection
EndGlobal
